// !$*UTF8*$!
{
	archiveVersion = 1;
	classes = {
	};
	objectVersion = 46;
	objects = {

/* Begin PBXBuildFile section */
		1716370E19A45D890070834F /* Cocoa.framework in Frameworks */ = {isa = PBXBuildFile; fileRef = 1716370D19A45D890070834F /* Cocoa.framework */; };
		1716371819A45D890070834F /* InfoPlist.strings in Resources */ = {isa = PBXBuildFile; fileRef = 1716371619A45D890070834F /* InfoPlist.strings */; };
		1716371A19A45D890070834F /* main.m in Sources */ = {isa = PBXBuildFile; fileRef = 1716371919A45D890070834F /* main.m */; };
		1716371E19A45D890070834F /* Credits.rtf in Resources */ = {isa = PBXBuildFile; fileRef = 1716371C19A45D890070834F /* Credits.rtf */; };
		1716372119A45D890070834F /* JRDAppDelegate.m in Sources */ = {isa = PBXBuildFile; fileRef = 1716372019A45D890070834F /* JRDAppDelegate.m */; };
		1716372419A45D890070834F /* MainMenu.xib in Resources */ = {isa = PBXBuildFile; fileRef = 1716372219A45D890070834F /* MainMenu.xib */; };
		1716372619A45D890070834F /* Images.xcassets in Resources */ = {isa = PBXBuildFile; fileRef = 1716372519A45D890070834F /* Images.xcassets */; };
		1716372D19A45D890070834F /* XCTest.framework in Frameworks */ = {isa = PBXBuildFile; fileRef = 1716372C19A45D890070834F /* XCTest.framework */; };
		1716372E19A45D890070834F /* Cocoa.framework in Frameworks */ = {isa = PBXBuildFile; fileRef = 1716370D19A45D890070834F /* Cocoa.framework */; };
		1716373619A45D890070834F /* InfoPlist.strings in Resources */ = {isa = PBXBuildFile; fileRef = 1716373419A45D890070834F /* InfoPlist.strings */; };
		1716373819A45D890070834F /* DrawingBoardTests.m in Sources */ = {isa = PBXBuildFile; fileRef = 1716373719A45D890070834F /* DrawingBoardTests.m */; };
		1716374419A45DF50070834F /* JRDMainWindowController.m in Sources */ = {isa = PBXBuildFile; fileRef = 1716374219A45DF50070834F /* JRDMainWindowController.m */; };
		1716374519A45DF50070834F /* JRDMainWindowController.xib in Resources */ = {isa = PBXBuildFile; fileRef = 1716374319A45DF50070834F /* JRDMainWindowController.xib */; };
		1716374919A4621E0070834F /* red-35775_640.png in Resources */ = {isa = PBXBuildFile; fileRef = 1716374819A4621E0070834F /* red-35775_640.png */; };
		1716374B19A465500070834F /* line_graph_chart_graphic.png in Resources */ = {isa = PBXBuildFile; fileRef = 1716374A19A465500070834F /* line_graph_chart_graphic.png */; };
		1716374D19A4683A0070834F /* golden-ratio.png in Resources */ = {isa = PBXBuildFile; fileRef = 1716374C19A4683A0070834F /* golden-ratio.png */; };
		1716375119A678AD0070834F /* JRDShapesViewController.m in Sources */ = {isa = PBXBuildFile; fileRef = 1716374F19A678AD0070834F /* JRDShapesViewController.m */; };
		1716375219A678AD0070834F /* JRDShapesViewController.xib in Resources */ = {isa = PBXBuildFile; fileRef = 1716375019A678AD0070834F /* JRDShapesViewController.xib */; };
		1716375619A67A640070834F /* JRDShapesView.m in Sources */ = {isa = PBXBuildFile; fileRef = 1716375519A67A640070834F /* JRDShapesView.m */; };
		1716375B19A67C2A0070834F /* JRDRatioViewController.m in Sources */ = {isa = PBXBuildFile; fileRef = 1716375919A67C2A0070834F /* JRDRatioViewController.m */; };
		1716375C19A67C2A0070834F /* JRDRatioViewController.xib in Resources */ = {isa = PBXBuildFile; fileRef = 1716375A19A67C2A0070834F /* JRDRatioViewController.xib */; };
		1716375F19A67C540070834F /* JRDRatioView.m in Sources */ = {isa = PBXBuildFile; fileRef = 1716375E19A67C540070834F /* JRDRatioView.m */; };
		1716376219A6B7D20070834F /* JRDGraphView.m in Sources */ = {isa = PBXBuildFile; fileRef = 1716376119A6B7D20070834F /* JRDGraphView.m */; };
		1716376619A6B7FF0070834F /* JRDGraphViewController.m in Sources */ = {isa = PBXBuildFile; fileRef = 1716376419A6B7FF0070834F /* JRDGraphViewController.m */; };
		1716376719A6B7FF0070834F /* JRDGraphViewController.xib in Resources */ = {isa = PBXBuildFile; fileRef = 1716376519A6B7FF0070834F /* JRDGraphViewController.xib */; };
		1716376919A6E9410070834F /* shapes.png in Resources */ = {isa = PBXBuildFile; fileRef = 1716376819A6E9410070834F /* shapes.png */; };
		1716376C19A6E9D60070834F /* JRDRandomPercentGenerator.m in Sources */ = {isa = PBXBuildFile; fileRef = 1716376B19A6E9D60070834F /* JRDRandomPercentGenerator.m */; };
		1716377119A6EB830070834F /* grid.png in Resources */ = {isa = PBXBuildFile; fileRef = 1716377019A6EB830070834F /* grid.png */; };
		1716377319A6EF000070834F /* lined.png in Resources */ = {isa = PBXBuildFile; fileRef = 1716377219A6EF000070834F /* lined.png */; };
		1716377519A6EF6F0070834F /* texture.png in Resources */ = {isa = PBXBuildFile; fileRef = 1716377419A6EF6F0070834F /* texture.png */; };
		1716377719A6F1CE0070834F /* transparent-green.png in Resources */ = {isa = PBXBuildFile; fileRef = 1716377619A6F1CE0070834F /* transparent-green.png */; };
		1716377D19A711A50070834F /* red50.png in Resources */ = {isa = PBXBuildFile; fileRef = 1716377C19A711A50070834F /* red50.png */; };
		1716377F19A711DD0070834F /* darkred.png in Resources */ = {isa = PBXBuildFile; fileRef = 1716377E19A711DD0070834F /* darkred.png */; };
		1716378119A7369C0070834F /* greenOutline.png in Resources */ = {isa = PBXBuildFile; fileRef = 1716378019A7369C0070834F /* greenOutline.png */; };
/* End PBXBuildFile section */

/* Begin PBXContainerItemProxy section */
		1716372F19A45D890070834F /* PBXContainerItemProxy */ = {
			isa = PBXContainerItemProxy;
			containerPortal = 1716370219A45D890070834F /* Project object */;
			proxyType = 1;
			remoteGlobalIDString = 1716370919A45D890070834F;
			remoteInfo = DrawingBoard;
		};
/* End PBXContainerItemProxy section */

/* Begin PBXFileReference section */
		1716370A19A45D890070834F /* DrawingBoard.app */ = {isa = PBXFileReference; explicitFileType = wrapper.application; includeInIndex = 0; path = DrawingBoard.app; sourceTree = BUILT_PRODUCTS_DIR; };
		1716370D19A45D890070834F /* Cocoa.framework */ = {isa = PBXFileReference; lastKnownFileType = wrapper.framework; name = Cocoa.framework; path = System/Library/Frameworks/Cocoa.framework; sourceTree = SDKROOT; };
		1716371019A45D890070834F /* AppKit.framework */ = {isa = PBXFileReference; lastKnownFileType = wrapper.framework; name = AppKit.framework; path = System/Library/Frameworks/AppKit.framework; sourceTree = SDKROOT; };
		1716371119A45D890070834F /* CoreData.framework */ = {isa = PBXFileReference; lastKnownFileType = wrapper.framework; name = CoreData.framework; path = System/Library/Frameworks/CoreData.framework; sourceTree = SDKROOT; };
		1716371219A45D890070834F /* Foundation.framework */ = {isa = PBXFileReference; lastKnownFileType = wrapper.framework; name = Foundation.framework; path = System/Library/Frameworks/Foundation.framework; sourceTree = SDKROOT; };
		1716371519A45D890070834F /* DrawingBoard-Info.plist */ = {isa = PBXFileReference; lastKnownFileType = text.plist.xml; path = "DrawingBoard-Info.plist"; sourceTree = "<group>"; };
		1716371719A45D890070834F /* en */ = {isa = PBXFileReference; lastKnownFileType = text.plist.strings; name = en; path = en.lproj/InfoPlist.strings; sourceTree = "<group>"; };
		1716371919A45D890070834F /* main.m */ = {isa = PBXFileReference; lastKnownFileType = sourcecode.c.objc; path = main.m; sourceTree = "<group>"; };
		1716371B19A45D890070834F /* DrawingBoard-Prefix.pch */ = {isa = PBXFileReference; lastKnownFileType = sourcecode.c.h; path = "DrawingBoard-Prefix.pch"; sourceTree = "<group>"; };
		1716371D19A45D890070834F /* en */ = {isa = PBXFileReference; lastKnownFileType = text.rtf; name = en; path = en.lproj/Credits.rtf; sourceTree = "<group>"; };
		1716371F19A45D890070834F /* JRDAppDelegate.h */ = {isa = PBXFileReference; lastKnownFileType = sourcecode.c.h; path = JRDAppDelegate.h; sourceTree = "<group>"; };
		1716372019A45D890070834F /* JRDAppDelegate.m */ = {isa = PBXFileReference; lastKnownFileType = sourcecode.c.objc; path = JRDAppDelegate.m; sourceTree = "<group>"; };
		1716372319A45D890070834F /* Base */ = {isa = PBXFileReference; lastKnownFileType = file.xib; name = Base; path = Base.lproj/MainMenu.xib; sourceTree = "<group>"; };
		1716372519A45D890070834F /* Images.xcassets */ = {isa = PBXFileReference; lastKnownFileType = folder.assetcatalog; path = Images.xcassets; sourceTree = "<group>"; };
		1716372B19A45D890070834F /* DrawingBoardTests.xctest */ = {isa = PBXFileReference; explicitFileType = wrapper.cfbundle; includeInIndex = 0; path = DrawingBoardTests.xctest; sourceTree = BUILT_PRODUCTS_DIR; };
		1716372C19A45D890070834F /* XCTest.framework */ = {isa = PBXFileReference; lastKnownFileType = wrapper.framework; name = XCTest.framework; path = Library/Frameworks/XCTest.framework; sourceTree = DEVELOPER_DIR; };
		1716373319A45D890070834F /* DrawingBoardTests-Info.plist */ = {isa = PBXFileReference; lastKnownFileType = text.plist.xml; path = "DrawingBoardTests-Info.plist"; sourceTree = "<group>"; };
		1716373519A45D890070834F /* en */ = {isa = PBXFileReference; lastKnownFileType = text.plist.strings; name = en; path = en.lproj/InfoPlist.strings; sourceTree = "<group>"; };
		1716373719A45D890070834F /* DrawingBoardTests.m */ = {isa = PBXFileReference; lastKnownFileType = sourcecode.c.objc; path = DrawingBoardTests.m; sourceTree = "<group>"; };
		1716374119A45DF50070834F /* JRDMainWindowController.h */ = {isa = PBXFileReference; fileEncoding = 4; lastKnownFileType = sourcecode.c.h; path = JRDMainWindowController.h; sourceTree = "<group>"; };
		1716374219A45DF50070834F /* JRDMainWindowController.m */ = {isa = PBXFileReference; fileEncoding = 4; lastKnownFileType = sourcecode.c.objc; path = JRDMainWindowController.m; sourceTree = "<group>"; };
		1716374319A45DF50070834F /* JRDMainWindowController.xib */ = {isa = PBXFileReference; fileEncoding = 4; lastKnownFileType = file.xib; path = JRDMainWindowController.xib; sourceTree = "<group>"; };
		1716374819A4621E0070834F /* red-35775_640.png */ = {isa = PBXFileReference; lastKnownFileType = image.png; path = "red-35775_640.png"; sourceTree = "<group>"; };
		1716374A19A465500070834F /* line_graph_chart_graphic.png */ = {isa = PBXFileReference; lastKnownFileType = image.png; path = line_graph_chart_graphic.png; sourceTree = "<group>"; };
		1716374C19A4683A0070834F /* golden-ratio.png */ = {isa = PBXFileReference; lastKnownFileType = image.png; path = "golden-ratio.png"; sourceTree = "<group>"; };
		1716374E19A678AD0070834F /* JRDShapesViewController.h */ = {isa = PBXFileReference; fileEncoding = 4; lastKnownFileType = sourcecode.c.h; path = JRDShapesViewController.h; sourceTree = "<group>"; };
		1716374F19A678AD0070834F /* JRDShapesViewController.m */ = {isa = PBXFileReference; fileEncoding = 4; lastKnownFileType = sourcecode.c.objc; path = JRDShapesViewController.m; sourceTree = "<group>"; };
		1716375019A678AD0070834F /* JRDShapesViewController.xib */ = {isa = PBXFileReference; fileEncoding = 4; lastKnownFileType = file.xib; path = JRDShapesViewController.xib; sourceTree = "<group>"; };
		1716375419A67A640070834F /* JRDShapesView.h */ = {isa = PBXFileReference; fileEncoding = 4; lastKnownFileType = sourcecode.c.h; path = JRDShapesView.h; sourceTree = "<group>"; };
		1716375519A67A640070834F /* JRDShapesView.m */ = {isa = PBXFileReference; fileEncoding = 4; lastKnownFileType = sourcecode.c.objc; path = JRDShapesView.m; sourceTree = "<group>"; };
		1716375819A67C2A0070834F /* JRDRatioViewController.h */ = {isa = PBXFileReference; fileEncoding = 4; lastKnownFileType = sourcecode.c.h; path = JRDRatioViewController.h; sourceTree = "<group>"; };
		1716375919A67C2A0070834F /* JRDRatioViewController.m */ = {isa = PBXFileReference; fileEncoding = 4; lastKnownFileType = sourcecode.c.objc; path = JRDRatioViewController.m; sourceTree = "<group>"; };
		1716375A19A67C2A0070834F /* JRDRatioViewController.xib */ = {isa = PBXFileReference; fileEncoding = 4; lastKnownFileType = file.xib; path = JRDRatioViewController.xib; sourceTree = "<group>"; };
		1716375D19A67C540070834F /* JRDRatioView.h */ = {isa = PBXFileReference; fileEncoding = 4; lastKnownFileType = sourcecode.c.h; path = JRDRatioView.h; sourceTree = "<group>"; };
		1716375E19A67C540070834F /* JRDRatioView.m */ = {isa = PBXFileReference; fileEncoding = 4; lastKnownFileType = sourcecode.c.objc; path = JRDRatioView.m; sourceTree = "<group>"; };
		1716376019A6B7D20070834F /* JRDGraphView.h */ = {isa = PBXFileReference; fileEncoding = 4; lastKnownFileType = sourcecode.c.h; path = JRDGraphView.h; sourceTree = "<group>"; };
		1716376119A6B7D20070834F /* JRDGraphView.m */ = {isa = PBXFileReference; fileEncoding = 4; lastKnownFileType = sourcecode.c.objc; path = JRDGraphView.m; sourceTree = "<group>"; };
		1716376319A6B7FF0070834F /* JRDGraphViewController.h */ = {isa = PBXFileReference; fileEncoding = 4; lastKnownFileType = sourcecode.c.h; path = JRDGraphViewController.h; sourceTree = "<group>"; };
		1716376419A6B7FF0070834F /* JRDGraphViewController.m */ = {isa = PBXFileReference; fileEncoding = 4; lastKnownFileType = sourcecode.c.objc; path = JRDGraphViewController.m; sourceTree = "<group>"; };
		1716376519A6B7FF0070834F /* JRDGraphViewController.xib */ = {isa = PBXFileReference; fileEncoding = 4; lastKnownFileType = file.xib; path = JRDGraphViewController.xib; sourceTree = "<group>"; };
		1716376819A6E9410070834F /* shapes.png */ = {isa = PBXFileReference; lastKnownFileType = image.png; path = shapes.png; sourceTree = "<group>"; };
		1716376A19A6E9D60070834F /* JRDRandomPercentGenerator.h */ = {isa = PBXFileReference; fileEncoding = 4; lastKnownFileType = sourcecode.c.h; path = JRDRandomPercentGenerator.h; sourceTree = "<group>"; };
		1716376B19A6E9D60070834F /* JRDRandomPercentGenerator.m */ = {isa = PBXFileReference; fileEncoding = 4; lastKnownFileType = sourcecode.c.objc; path = JRDRandomPercentGenerator.m; sourceTree = "<group>"; };
		1716377019A6EB830070834F /* grid.png */ = {isa = PBXFileReference; lastKnownFileType = image.png; path = grid.png; sourceTree = "<group>"; };
		1716377219A6EF000070834F /* lined.png */ = {isa = PBXFileReference; lastKnownFileType = image.png; path = lined.png; sourceTree = "<group>"; };
		1716377419A6EF6F0070834F /* texture.png */ = {isa = PBXFileReference; lastKnownFileType = image.png; path = texture.png; sourceTree = "<group>"; };
		1716377619A6F1CE0070834F /* transparent-green.png */ = {isa = PBXFileReference; lastKnownFileType = image.png; path = "transparent-green.png"; sourceTree = "<group>"; };
		1716377C19A711A50070834F /* red50.png */ = {isa = PBXFileReference; lastKnownFileType = image.png; path = red50.png; sourceTree = "<group>"; };
		1716377E19A711DD0070834F /* darkred.png */ = {isa = PBXFileReference; lastKnownFileType = image.png; path = darkred.png; sourceTree = "<group>"; };
		1716378019A7369C0070834F /* greenOutline.png */ = {isa = PBXFileReference; lastKnownFileType = image.png; path = greenOutline.png; sourceTree = "<group>"; };
/* End PBXFileReference section */

/* Begin PBXFrameworksBuildPhase section */
		1716370719A45D890070834F /* Frameworks */ = {
			isa = PBXFrameworksBuildPhase;
			buildActionMask = 2147483647;
			files = (
				1716370E19A45D890070834F /* Cocoa.framework in Frameworks */,
			);
			runOnlyForDeploymentPostprocessing = 0;
		};
		1716372819A45D890070834F /* Frameworks */ = {
			isa = PBXFrameworksBuildPhase;
			buildActionMask = 2147483647;
			files = (
				1716372E19A45D890070834F /* Cocoa.framework in Frameworks */,
				1716372D19A45D890070834F /* XCTest.framework in Frameworks */,
			);
			runOnlyForDeploymentPostprocessing = 0;
		};
/* End PBXFrameworksBuildPhase section */

/* Begin PBXGroup section */
		1716370119A45D890070834F = {
			isa = PBXGroup;
			children = (
				1716371319A45D890070834F /* DrawingBoard */,
				1716373119A45D890070834F /* DrawingBoardTests */,
				1716370C19A45D890070834F /* Frameworks */,
				1716370B19A45D890070834F /* Products */,
			);
			sourceTree = "<group>";
		};
		1716370B19A45D890070834F /* Products */ = {
			isa = PBXGroup;
			children = (
				1716370A19A45D890070834F /* DrawingBoard.app */,
				1716372B19A45D890070834F /* DrawingBoardTests.xctest */,
			);
			name = Products;
			sourceTree = "<group>";
		};
		1716370C19A45D890070834F /* Frameworks */ = {
			isa = PBXGroup;
			children = (
				1716370D19A45D890070834F /* Cocoa.framework */,
				1716372C19A45D890070834F /* XCTest.framework */,
				1716370F19A45D890070834F /* Other Frameworks */,
			);
			name = Frameworks;
			sourceTree = "<group>";
		};
		1716370F19A45D890070834F /* Other Frameworks */ = {
			isa = PBXGroup;
			children = (
				1716371019A45D890070834F /* AppKit.framework */,
				1716371119A45D890070834F /* CoreData.framework */,
				1716371219A45D890070834F /* Foundation.framework */,
			);
			name = "Other Frameworks";
			sourceTree = "<group>";
		};
		1716371319A45D890070834F /* DrawingBoard */ = {
			isa = PBXGroup;
			children = (
				1716374A19A465500070834F /* line_graph_chart_graphic.png */,
				1716374C19A4683A0070834F /* golden-ratio.png */,
				1716377019A6EB830070834F /* grid.png */,
				1716377619A6F1CE0070834F /* transparent-green.png */,
				1716377419A6EF6F0070834F /* texture.png */,
				1716378019A7369C0070834F /* greenOutline.png */,
				1716377219A6EF000070834F /* lined.png */,
				1716377E19A711DD0070834F /* darkred.png */,
				1716377C19A711A50070834F /* red50.png */,
				1716376819A6E9410070834F /* shapes.png */,
				1716374819A4621E0070834F /* red-35775_640.png */,
				1716374719A45ED40070834F /* Base */,
				1716374619A45EC00070834F /* Window Controller */,
				1716375319A678B20070834F /* View Controllers */,
				1716375719A67A670070834F /* Views */,
				1716376D19A6E9D90070834F /* Helpers */,
				1716372519A45D890070834F /* Images.xcassets */,
				1716371419A45D890070834F /* Supporting Files */,
			);
			path = DrawingBoard;
			sourceTree = "<group>";
		};
		1716371419A45D890070834F /* Supporting Files */ = {
			isa = PBXGroup;
			children = (
				1716371519A45D890070834F /* DrawingBoard-Info.plist */,
				1716371619A45D890070834F /* InfoPlist.strings */,
				1716371919A45D890070834F /* main.m */,
				1716371B19A45D890070834F /* DrawingBoard-Prefix.pch */,
				1716371C19A45D890070834F /* Credits.rtf */,
			);
			name = "Supporting Files";
			sourceTree = "<group>";
		};
		1716373119A45D890070834F /* DrawingBoardTests */ = {
			isa = PBXGroup;
			children = (
				1716373719A45D890070834F /* DrawingBoardTests.m */,
				1716373219A45D890070834F /* Supporting Files */,
			);
			path = DrawingBoardTests;
			sourceTree = "<group>";
		};
		1716373219A45D890070834F /* Supporting Files */ = {
			isa = PBXGroup;
			children = (
				1716373319A45D890070834F /* DrawingBoardTests-Info.plist */,
				1716373419A45D890070834F /* InfoPlist.strings */,
			);
			name = "Supporting Files";
			sourceTree = "<group>";
		};
		1716374619A45EC00070834F /* Window Controller */ = {
			isa = PBXGroup;
			children = (
				1716374119A45DF50070834F /* JRDMainWindowController.h */,
				1716374219A45DF50070834F /* JRDMainWindowController.m */,
				1716374319A45DF50070834F /* JRDMainWindowController.xib */,
			);
			name = "Window Controller";
			sourceTree = "<group>";
		};
		1716374719A45ED40070834F /* Base */ = {
			isa = PBXGroup;
			children = (
				1716371F19A45D890070834F /* JRDAppDelegate.h */,
				1716372019A45D890070834F /* JRDAppDelegate.m */,
				1716372219A45D890070834F /* MainMenu.xib */,
			);
			name = Base;
			sourceTree = "<group>";
		};
		1716375319A678B20070834F /* View Controllers */ = {
			isa = PBXGroup;
			children = (
				1716374E19A678AD0070834F /* JRDShapesViewController.h */,
				1716374F19A678AD0070834F /* JRDShapesViewController.m */,
				1716375019A678AD0070834F /* JRDShapesViewController.xib */,
				1716375819A67C2A0070834F /* JRDRatioViewController.h */,
				1716375919A67C2A0070834F /* JRDRatioViewController.m */,
				1716375A19A67C2A0070834F /* JRDRatioViewController.xib */,
				1716376319A6B7FF0070834F /* JRDGraphViewController.h */,
				1716376419A6B7FF0070834F /* JRDGraphViewController.m */,
				1716376519A6B7FF0070834F /* JRDGraphViewController.xib */,
			);
			name = "View Controllers";
			sourceTree = "<group>";
		};
		1716375719A67A670070834F /* Views */ = {
			isa = PBXGroup;
			children = (
				1716375419A67A640070834F /* JRDShapesView.h */,
				1716375519A67A640070834F /* JRDShapesView.m */,
				1716375D19A67C540070834F /* JRDRatioView.h */,
				1716375E19A67C540070834F /* JRDRatioView.m */,
				1716376019A6B7D20070834F /* JRDGraphView.h */,
				1716376119A6B7D20070834F /* JRDGraphView.m */,
			);
			name = Views;
			sourceTree = "<group>";
		};
		1716376D19A6E9D90070834F /* Helpers */ = {
			isa = PBXGroup;
			children = (
				1716376A19A6E9D60070834F /* JRDRandomPercentGenerator.h */,
				1716376B19A6E9D60070834F /* JRDRandomPercentGenerator.m */,
			);
			name = Helpers;
			sourceTree = "<group>";
		};
/* End PBXGroup section */

/* Begin PBXNativeTarget section */
		1716370919A45D890070834F /* DrawingBoard */ = {
			isa = PBXNativeTarget;
			buildConfigurationList = 1716373B19A45D890070834F /* Build configuration list for PBXNativeTarget "DrawingBoard" */;
			buildPhases = (
				1716370619A45D890070834F /* Sources */,
				1716370719A45D890070834F /* Frameworks */,
				1716370819A45D890070834F /* Resources */,
			);
			buildRules = (
			);
			dependencies = (
			);
			name = DrawingBoard;
			productName = DrawingBoard;
			productReference = 1716370A19A45D890070834F /* DrawingBoard.app */;
			productType = "com.apple.product-type.application";
		};
		1716372A19A45D890070834F /* DrawingBoardTests */ = {
			isa = PBXNativeTarget;
			buildConfigurationList = 1716373E19A45D890070834F /* Build configuration list for PBXNativeTarget "DrawingBoardTests" */;
			buildPhases = (
				1716372719A45D890070834F /* Sources */,
				1716372819A45D890070834F /* Frameworks */,
				1716372919A45D890070834F /* Resources */,
			);
			buildRules = (
			);
			dependencies = (
				1716373019A45D890070834F /* PBXTargetDependency */,
			);
			name = DrawingBoardTests;
			productName = DrawingBoardTests;
			productReference = 1716372B19A45D890070834F /* DrawingBoardTests.xctest */;
			productType = "com.apple.product-type.bundle.unit-test";
		};
/* End PBXNativeTarget section */

/* Begin PBXProject section */
		1716370219A45D890070834F /* Project object */ = {
			isa = PBXProject;
			attributes = {
				CLASSPREFIX = JRD;
				LastUpgradeCheck = 0510;
				ORGANIZATIONNAME = "Jordan Dobson";
				TargetAttributes = {
					1716372A19A45D890070834F = {
						TestTargetID = 1716370919A45D890070834F;
					};
				};
			};
			buildConfigurationList = 1716370519A45D890070834F /* Build configuration list for PBXProject "DrawingBoard" */;
			compatibilityVersion = "Xcode 3.2";
			developmentRegion = English;
			hasScannedForEncodings = 0;
			knownRegions = (
				en,
				Base,
			);
			mainGroup = 1716370119A45D890070834F;
			productRefGroup = 1716370B19A45D890070834F /* Products */;
			projectDirPath = "";
			projectRoot = "";
			targets = (
				1716370919A45D890070834F /* DrawingBoard */,
				1716372A19A45D890070834F /* DrawingBoardTests */,
			);
		};
/* End PBXProject section */

/* Begin PBXResourcesBuildPhase section */
		1716370819A45D890070834F /* Resources */ = {
			isa = PBXResourcesBuildPhase;
			buildActionMask = 2147483647;
			files = (
				1716374D19A4683A0070834F /* golden-ratio.png in Resources */,
				1716377519A6EF6F0070834F /* texture.png in Resources */,
				1716377319A6EF000070834F /* lined.png in Resources */,
				1716375C19A67C2A0070834F /* JRDRatioViewController.xib in Resources */,
				1716374919A4621E0070834F /* red-35775_640.png in Resources */,
				1716376719A6B7FF0070834F /* JRDGraphViewController.xib in Resources */,
				1716377119A6EB830070834F /* grid.png in Resources */,
				1716377D19A711A50070834F /* red50.png in Resources */,
				1716371819A45D890070834F /* InfoPlist.strings in Resources */,
				1716377F19A711DD0070834F /* darkred.png in Resources */,
				1716374519A45DF50070834F /* JRDMainWindowController.xib in Resources */,
				1716372619A45D890070834F /* Images.xcassets in Resources */,
				1716376919A6E9410070834F /* shapes.png in Resources */,
				1716371E19A45D890070834F /* Credits.rtf in Resources */,
				1716374B19A465500070834F /* line_graph_chart_graphic.png in Resources */,
				1716372419A45D890070834F /* MainMenu.xib in Resources */,
				1716378119A7369C0070834F /* greenOutline.png in Resources */,
				1716375219A678AD0070834F /* JRDShapesViewController.xib in Resources */,
				1716377719A6F1CE0070834F /* transparent-green.png in Resources */,
			);
			runOnlyForDeploymentPostprocessing = 0;
		};
		1716372919A45D890070834F /* Resources */ = {
			isa = PBXResourcesBuildPhase;
			buildActionMask = 2147483647;
			files = (
				1716373619A45D890070834F /* InfoPlist.strings in Resources */,
			);
			runOnlyForDeploymentPostprocessing = 0;
		};
/* End PBXResourcesBuildPhase section */

/* Begin PBXSourcesBuildPhase section */
		1716370619A45D890070834F /* Sources */ = {
			isa = PBXSourcesBuildPhase;
			buildActionMask = 2147483647;
			files = (
				1716371A19A45D890070834F /* main.m in Sources */,
				1716374419A45DF50070834F /* JRDMainWindowController.m in Sources */,
				1716375619A67A640070834F /* JRDShapesView.m in Sources */,
				1716376C19A6E9D60070834F /* JRDRandomPercentGenerator.m in Sources */,
				1716375B19A67C2A0070834F /* JRDRatioViewController.m in Sources */,
				1716372119A45D890070834F /* JRDAppDelegate.m in Sources */,
				1716375119A678AD0070834F /* JRDShapesViewController.m in Sources */,
				1716376219A6B7D20070834F /* JRDGraphView.m in Sources */,
				1716375F19A67C540070834F /* JRDRatioView.m in Sources */,
				1716376619A6B7FF0070834F /* JRDGraphViewController.m in Sources */,
			);
			runOnlyForDeploymentPostprocessing = 0;
		};
		1716372719A45D890070834F /* Sources */ = {
			isa = PBXSourcesBuildPhase;
			buildActionMask = 2147483647;
			files = (
				1716373819A45D890070834F /* DrawingBoardTests.m in Sources */,
			);
			runOnlyForDeploymentPostprocessing = 0;
		};
/* End PBXSourcesBuildPhase section */

/* Begin PBXTargetDependency section */
		1716373019A45D890070834F /* PBXTargetDependency */ = {
			isa = PBXTargetDependency;
			target = 1716370919A45D890070834F /* DrawingBoard */;
			targetProxy = 1716372F19A45D890070834F /* PBXContainerItemProxy */;
		};
/* End PBXTargetDependency section */

/* Begin PBXVariantGroup section */
		1716371619A45D890070834F /* InfoPlist.strings */ = {
			isa = PBXVariantGroup;
			children = (
				1716371719A45D890070834F /* en */,
			);
			name = InfoPlist.strings;
			sourceTree = "<group>";
		};
		1716371C19A45D890070834F /* Credits.rtf */ = {
			isa = PBXVariantGroup;
			children = (
				1716371D19A45D890070834F /* en */,
			);
			name = Credits.rtf;
			sourceTree = "<group>";
		};
		1716372219A45D890070834F /* MainMenu.xib */ = {
			isa = PBXVariantGroup;
			children = (
				1716372319A45D890070834F /* Base */,
			);
			name = MainMenu.xib;
			sourceTree = "<group>";
		};
		1716373419A45D890070834F /* InfoPlist.strings */ = {
			isa = PBXVariantGroup;
			children = (
				1716373519A45D890070834F /* en */,
			);
			name = InfoPlist.strings;
			sourceTree = "<group>";
		};
/* End PBXVariantGroup section */

/* Begin XCBuildConfiguration section */
		1716373919A45D890070834F /* Debug */ = {
			isa = XCBuildConfiguration;
			buildSettings = {
				ALWAYS_SEARCH_USER_PATHS = NO;
				CLANG_CXX_LANGUAGE_STANDARD = "gnu++0x";
				CLANG_CXX_LIBRARY = "libc++";
				CLANG_ENABLE_MODULES = YES;
				CLANG_ENABLE_OBJC_ARC = YES;
				CLANG_WARN_BOOL_CONVERSION = YES;
				CLANG_WARN_CONSTANT_CONVERSION = YES;
				CLANG_WARN_DIRECT_OBJC_ISA_USAGE = YES_ERROR;
				CLANG_WARN_EMPTY_BODY = YES;
				CLANG_WARN_ENUM_CONVERSION = YES;
				CLANG_WARN_INT_CONVERSION = YES;
				CLANG_WARN_OBJC_ROOT_CLASS = YES_ERROR;
				CLANG_WARN__DUPLICATE_METHOD_MATCH = YES;
				COPY_PHASE_STRIP = NO;
				GCC_C_LANGUAGE_STANDARD = gnu99;
				GCC_DYNAMIC_NO_PIC = NO;
				GCC_ENABLE_OBJC_EXCEPTIONS = YES;
				GCC_OPTIMIZATION_LEVEL = 0;
				GCC_PREPROCESSOR_DEFINITIONS = (
					"DEBUG=1",
					"$(inherited)",
				);
				GCC_SYMBOLS_PRIVATE_EXTERN = NO;
				GCC_WARN_64_TO_32_BIT_CONVERSION = YES;
				GCC_WARN_ABOUT_RETURN_TYPE = YES_ERROR;
				GCC_WARN_UNDECLARED_SELECTOR = YES;
				GCC_WARN_UNINITIALIZED_AUTOS = YES_AGGRESSIVE;
				GCC_WARN_UNUSED_FUNCTION = YES;
				GCC_WARN_UNUSED_VARIABLE = YES;
				MACOSX_DEPLOYMENT_TARGET = 10.9;
				ONLY_ACTIVE_ARCH = YES;
				SDKROOT = macosx;
			};
			name = Debug;
		};
		1716373A19A45D890070834F /* Release */ = {
			isa = XCBuildConfiguration;
			buildSettings = {
				ALWAYS_SEARCH_USER_PATHS = NO;
				CLANG_CXX_LANGUAGE_STANDARD = "gnu++0x";
				CLANG_CXX_LIBRARY = "libc++";
				CLANG_ENABLE_MODULES = YES;
				CLANG_ENABLE_OBJC_ARC = YES;
				CLANG_WARN_BOOL_CONVERSION = YES;
				CLANG_WARN_CONSTANT_CONVERSION = YES;
				CLANG_WARN_DIRECT_OBJC_ISA_USAGE = YES_ERROR;
				CLANG_WARN_EMPTY_BODY = YES;
				CLANG_WARN_ENUM_CONVERSION = YES;
				CLANG_WARN_INT_CONVERSION = YES;
				CLANG_WARN_OBJC_ROOT_CLASS = YES_ERROR;
				CLANG_WARN__DUPLICATE_METHOD_MATCH = YES;
				COPY_PHASE_STRIP = YES;
				DEBUG_INFORMATION_FORMAT = "dwarf-with-dsym";
				ENABLE_NS_ASSERTIONS = NO;
				GCC_C_LANGUAGE_STANDARD = gnu99;
				GCC_ENABLE_OBJC_EXCEPTIONS = YES;
				GCC_WARN_64_TO_32_BIT_CONVERSION = YES;
				GCC_WARN_ABOUT_RETURN_TYPE = YES_ERROR;
				GCC_WARN_UNDECLARED_SELECTOR = YES;
				GCC_WARN_UNINITIALIZED_AUTOS = YES_AGGRESSIVE;
				GCC_WARN_UNUSED_FUNCTION = YES;
				GCC_WARN_UNUSED_VARIABLE = YES;
				MACOSX_DEPLOYMENT_TARGET = 10.9;
				SDKROOT = macosx;
			};
			name = Release;
		};
		1716373C19A45D890070834F /* Debug */ = {
			isa = XCBuildConfiguration;
			buildSettings = {
				ASSETCATALOG_COMPILER_APPICON_NAME = AppIcon;
				COMBINE_HIDPI_IMAGES = YES;
				GCC_PRECOMPILE_PREFIX_HEADER = YES;
				GCC_PREFIX_HEADER = "DrawingBoard/DrawingBoard-Prefix.pch";
				INFOPLIST_FILE = "DrawingBoard/DrawingBoard-Info.plist";
				PRODUCT_NAME = "$(TARGET_NAME)";
				WRAPPER_EXTENSION = app;
			};
			name = Debug;
		};
		1716373D19A45D890070834F /* Release */ = {
			isa = XCBuildConfiguration;
			buildSettings = {
				ASSETCATALOG_COMPILER_APPICON_NAME = AppIcon;
				COMBINE_HIDPI_IMAGES = YES;
				GCC_PRECOMPILE_PREFIX_HEADER = YES;
				GCC_PREFIX_HEADER = "DrawingBoard/DrawingBoard-Prefix.pch";
				INFOPLIST_FILE = "DrawingBoard/DrawingBoard-Info.plist";
				PRODUCT_NAME = "$(TARGET_NAME)";
				WRAPPER_EXTENSION = app;
			};
			name = Release;
		};
		1716373F19A45D890070834F /* Debug */ = {
			isa = XCBuildConfiguration;
			buildSettings = {
				BUNDLE_LOADER = "$(BUILT_PRODUCTS_DIR)/DrawingBoard.app/Contents/MacOS/DrawingBoard";
				COMBINE_HIDPI_IMAGES = YES;
				FRAMEWORK_SEARCH_PATHS = (
					"$(DEVELOPER_FRAMEWORKS_DIR)",
					"$(inherited)",
				);
				GCC_PRECOMPILE_PREFIX_HEADER = YES;
				GCC_PREFIX_HEADER = "DrawingBoard/DrawingBoard-Prefix.pch";
				GCC_PREPROCESSOR_DEFINITIONS = (
					"DEBUG=1",
					"$(inherited)",
				);
				INFOPLIST_FILE = "DrawingBoardTests/DrawingBoardTests-Info.plist";
				PRODUCT_NAME = "$(TARGET_NAME)";
				TEST_HOST = "$(BUNDLE_LOADER)";
				WRAPPER_EXTENSION = xctest;
			};
			name = Debug;
		};
		1716374019A45D890070834F /* Release */ = {
			isa = XCBuildConfiguration;
			buildSettings = {
				BUNDLE_LOADER = "$(BUILT_PRODUCTS_DIR)/DrawingBoard.app/Contents/MacOS/DrawingBoard";
				COMBINE_HIDPI_IMAGES = YES;
				FRAMEWORK_SEARCH_PATHS = (
					"$(DEVELOPER_FRAMEWORKS_DIR)",
					"$(inherited)",
				);
				GCC_PRECOMPILE_PREFIX_HEADER = YES;
				GCC_PREFIX_HEADER = "DrawingBoard/DrawingBoard-Prefix.pch";
				INFOPLIST_FILE = "DrawingBoardTests/DrawingBoardTests-Info.plist";
				PRODUCT_NAME = "$(TARGET_NAME)";
				TEST_HOST = "$(BUNDLE_LOADER)";
				WRAPPER_EXTENSION = xctest;
			};
			name = Release;
		};
/* End XCBuildConfiguration section */

/* Begin XCConfigurationList section */
		1716370519A45D890070834F /* Build configuration list for PBXProject "DrawingBoard" */ = {
			isa = XCConfigurationList;
			buildConfigurations = (
				1716373919A45D890070834F /* Debug */,
				1716373A19A45D890070834F /* Release */,
			);
			defaultConfigurationIsVisible = 0;
			defaultConfigurationName = Release;
		};
		1716373B19A45D890070834F /* Build configuration list for PBXNativeTarget "DrawingBoard" */ = {
			isa = XCConfigurationList;
			buildConfigurations = (
				1716373C19A45D890070834F /* Debug */,
				1716373D19A45D890070834F /* Release */,
			);
			defaultConfigurationIsVisible = 0;
		};
		1716373E19A45D890070834F /* Build configuration list for PBXNativeTarget "DrawingBoardTests" */ = {
			isa = XCConfigurationList;
			buildConfigurations = (
				1716373F19A45D890070834F /* Debug */,
				1716374019A45D890070834F /* Release */,
			);
			defaultConfigurationIsVisible = 0;
		};
/* End XCConfigurationList section */
	};
	rootObject = 1716370219A45D890070834F /* Project object */;
}
